
Microsoft Visual Studio Solution File, Format Version 12.00
# Visual Studio Version 17
VisualStudioVersion = 17.12.35506.116
MinimumVisualStudioVersion = 10.0.40219.1
Project("{2150E333-8FDC-42A3-9474-1A3956D46DE8}") = "src", "src", "{25BE0D1D-CCDA-4F62-9FDB-6EC35F8F1B67}"
EndProject
Project("{2150E333-8FDC-42A3-9474-1A3956D46DE8}") = "Services", "Services", "{C207D615-906C-492E-ABDE-3DA6FBA982C0}"
EndProject
Project("{2150E333-8FDC-42A3-9474-1A3956D46DE8}") = "Clinets", "Clinets", "{C7D6A3E0-96A3-453F-B598-C4DFCD2A8D6B}"
EndProject
Project("{2150E333-8FDC-42A3-9474-1A3956D46DE8}") = "ExamService", "ExamService", "{9377F3F6-1F6A-4F2C-AE30-ED5619523BD4}"
EndProject
Project("{2150E333-8FDC-42A3-9474-1A3956D46DE8}") = "Core", "Core", "{72587594-B563-4656-A38D-FC23A59145D7}"
EndProject
Project("{2150E333-8FDC-42A3-9474-1A3956D46DE8}") = "Infrastructure", "Infrastructure", "{44AFCC13-C9FC-4685-BF4E-FE62E49B22EE}"
EndProject
Project("{2150E333-8FDC-42A3-9474-1A3956D46DE8}") = "Presentation", "Presentation", "{B3F836C2-6970-4D2B-AE12-E8DB158A26F9}"
EndProject
Project("{FAE04EC0-301F-11D3-BF4B-00C04F79EFBC}") = "Exam.Application", "src\Services\Exam\Core\Exam.Application\Exam.Application.csproj", "{D14FEC86-6ECA-4696-9BFF-2EFD13D166D0}"
EndProject
Project("{FAE04EC0-301F-11D3-BF4B-00C04F79EFBC}") = "Exam.Domain", "src\Services\Exam\Core\Exam.Domain\Exam.Domain.csproj", "{BB84C7D1-A019-4E1F-8E16-5A49053C9868}"
EndProject
Project("{FAE04EC0-301F-11D3-BF4B-00C04F79EFBC}") = "Exam.Infrastructure", "src\Services\Exam\Infrastructure\Exam.Infrastructure\Exam.Infrastructure.csproj", "{7589214D-C34B-41EE-B57A-AAB21D9E5A74}"
EndProject
Project("{FAE04EC0-301F-11D3-BF4B-00C04F79EFBC}") = "Exam.Persistence", "src\Services\Exam\Infrastructure\Exam.Persistence\Exam.Persistence.csproj", "{369D717F-76D2-49AB-B1D6-042DB00A08D6}"
EndProject
Project("{FAE04EC0-301F-11D3-BF4B-00C04F79EFBC}") = "Exam.API", "src\Services\Exam\Presentation\Exam.API\Exam.API.csproj", "{47AF278C-2184-48F8-9360-9DEA2AEBFF3F}"
EndProject
Project("{FAE04EC0-301F-11D3-BF4B-00C04F79EFBC}") = "SchoolManagementUI", "src\Clients\SchoolManagementUI\SchoolManagementUI.csproj", "{33D05493-80AD-4729-ACC4-4A20B08A3601}"
EndProject
Project("{2150E333-8FDC-42A3-9474-1A3956D46DE8}") = "Solution items", "Solution items", "{986DA8F5-01D3-42F7-B845-6717505B7F9B}"
	ProjectSection(SolutionItems) = preProject
		docker-compose.yml = docker-compose.yml
	EndProjectSection
EndProject
Global
	GlobalSection(SolutionConfigurationPlatforms) = preSolution
		Debug|Any CPU = Debug|Any CPU
		Release|Any CPU = Release|Any CPU
	EndGlobalSection
	GlobalSection(ProjectConfigurationPlatforms) = postSolution
		{D14FEC86-6ECA-4696-9BFF-2EFD13D166D0}.Debug|Any CPU.ActiveCfg = Debug|Any CPU
		{D14FEC86-6ECA-4696-9BFF-2EFD13D166D0}.Debug|Any CPU.Build.0 = Debug|Any CPU
		{D14FEC86-6ECA-4696-9BFF-2EFD13D166D0}.Release|Any CPU.ActiveCfg = Release|Any CPU
		{D14FEC86-6ECA-4696-9BFF-2EFD13D166D0}.Release|Any CPU.Build.0 = Release|Any CPU
		{BB84C7D1-A019-4E1F-8E16-5A49053C9868}.Debug|Any CPU.ActiveCfg = Debug|Any CPU
		{BB84C7D1-A019-4E1F-8E16-5A49053C9868}.Debug|Any CPU.Build.0 = Debug|Any CPU
		{BB84C7D1-A019-4E1F-8E16-5A49053C9868}.Release|Any CPU.ActiveCfg = Release|Any CPU
		{BB84C7D1-A019-4E1F-8E16-5A49053C9868}.Release|Any CPU.Build.0 = Release|Any CPU
		{7589214D-C34B-41EE-B57A-AAB21D9E5A74}.Debug|Any CPU.ActiveCfg = Debug|Any CPU
		{7589214D-C34B-41EE-B57A-AAB21D9E5A74}.Debug|Any CPU.Build.0 = Debug|Any CPU
		{7589214D-C34B-41EE-B57A-AAB21D9E5A74}.Release|Any CPU.ActiveCfg = Release|Any CPU
		{7589214D-C34B-41EE-B57A-AAB21D9E5A74}.Release|Any CPU.Build.0 = Release|Any CPU
		{369D717F-76D2-49AB-B1D6-042DB00A08D6}.Debug|Any CPU.ActiveCfg = Debug|Any CPU
		{369D717F-76D2-49AB-B1D6-042DB00A08D6}.Debug|Any CPU.Build.0 = Debug|Any CPU
		{369D717F-76D2-49AB-B1D6-042DB00A08D6}.Release|Any CPU.ActiveCfg = Release|Any CPU
		{369D717F-76D2-49AB-B1D6-042DB00A08D6}.Release|Any CPU.Build.0 = Release|Any CPU
		{47AF278C-2184-48F8-9360-9DEA2AEBFF3F}.Debug|Any CPU.ActiveCfg = Debug|Any CPU
		{47AF278C-2184-48F8-9360-9DEA2AEBFF3F}.Debug|Any CPU.Build.0 = Debug|Any CPU
		{47AF278C-2184-48F8-9360-9DEA2AEBFF3F}.Release|Any CPU.ActiveCfg = Release|Any CPU
		{47AF278C-2184-48F8-9360-9DEA2AEBFF3F}.Release|Any CPU.Build.0 = Release|Any CPU
		{33D05493-80AD-4729-ACC4-4A20B08A3601}.Debug|Any CPU.ActiveCfg = Debug|Any CPU
		{33D05493-80AD-4729-ACC4-4A20B08A3601}.Debug|Any CPU.Build.0 = Debug|Any CPU
		{33D05493-80AD-4729-ACC4-4A20B08A3601}.Release|Any CPU.ActiveCfg = Release|Any CPU
		{33D05493-80AD-4729-ACC4-4A20B08A3601}.Release|Any CPU.Build.0 = Release|Any CPU
	EndGlobalSection
	GlobalSection(SolutionProperties) = preSolution
		HideSolutionNode = FALSE
	EndGlobalSection
	GlobalSection(NestedProjects) = preSolution
		{C207D615-906C-492E-ABDE-3DA6FBA982C0} = {25BE0D1D-CCDA-4F62-9FDB-6EC35F8F1B67}
		{C7D6A3E0-96A3-453F-B598-C4DFCD2A8D6B} = {25BE0D1D-CCDA-4F62-9FDB-6EC35F8F1B67}
		{9377F3F6-1F6A-4F2C-AE30-ED5619523BD4} = {C207D615-906C-492E-ABDE-3DA6FBA982C0}
		{72587594-B563-4656-A38D-FC23A59145D7} = {9377F3F6-1F6A-4F2C-AE30-ED5619523BD4}
		{44AFCC13-C9FC-4685-BF4E-FE62E49B22EE} = {9377F3F6-1F6A-4F2C-AE30-ED5619523BD4}
		{B3F836C2-6970-4D2B-AE12-E8DB158A26F9} = {9377F3F6-1F6A-4F2C-AE30-ED5619523BD4}
		{D14FEC86-6ECA-4696-9BFF-2EFD13D166D0} = {72587594-B563-4656-A38D-FC23A59145D7}
		{BB84C7D1-A019-4E1F-8E16-5A49053C9868} = {44AFCC13-C9FC-4685-BF4E-FE62E49B22EE}
		{7589214D-C34B-41EE-B57A-AAB21D9E5A74} = {44AFCC13-C9FC-4685-BF4E-FE62E49B22EE}
		{369D717F-76D2-49AB-B1D6-042DB00A08D6} = {44AFCC13-C9FC-4685-BF4E-FE62E49B22EE}
		{47AF278C-2184-48F8-9360-9DEA2AEBFF3F} = {B3F836C2-6970-4D2B-AE12-E8DB158A26F9}
		{33D05493-80AD-4729-ACC4-4A20B08A3601} = {C7D6A3E0-96A3-453F-B598-C4DFCD2A8D6B}
	EndGlobalSection
EndGlobal
